// !$*UTF8*$!
{
	archiveVersion = 1;
	classes = {
	};
	objectVersion = 50;
	objects = {

/* Begin PBXBuildFile section */
		16CFB1D916A9E8CCD36FBD1B /* Pods_IpirangaTests.framework in Frameworks */ = {isa = PBXBuildFile; fileRef = 7343DA39BC380438E7DC98C8 /* Pods_IpirangaTests.framework */; };
		765EF36DCF5FB45239E9259B /* Pods_Ipiranga.framework in Frameworks */ = {isa = PBXBuildFile; fileRef = 6C15068A0CC37C54C561CE21 /* Pods_Ipiranga.framework */; };
		D2115CFD21B974CD0077A046 /* Task.storyboard in Resources */ = {isa = PBXBuildFile; fileRef = D2115CF921B974CD0077A046 /* Task.storyboard */; };
		D2115CFF21B974CD0077A046 /* Main.storyboard in Resources */ = {isa = PBXBuildFile; fileRef = D2115CFB21B974CD0077A046 /* Main.storyboard */; };
		D2115D0321B977DE0077A046 /* fluigSdk.plist in Resources */ = {isa = PBXBuildFile; fileRef = D2115D0221B977DE0077A046 /* fluigSdk.plist */; };
		D2115D0621B9785E0077A046 /* Notification.storyboard in Resources */ = {isa = PBXBuildFile; fileRef = D2115D0421B9785E0077A046 /* Notification.storyboard */; };
		D2115D0721B9785E0077A046 /* Profile.storyboard in Resources */ = {isa = PBXBuildFile; fileRef = D2115D0521B9785E0077A046 /* Profile.storyboard */; };
		D2115D0A21B97B280077A046 /* FluigAPI.swift in Sources */ = {isa = PBXBuildFile; fileRef = D2115D0921B97B280077A046 /* FluigAPI.swift */; };
		D2115D0C21B97BBE0077A046 /* Constants.swift in Sources */ = {isa = PBXBuildFile; fileRef = D2115D0B21B97BBE0077A046 /* Constants.swift */; };
		D2115D1121B9895E0077A046 /* TaskTableViewCell.swift in Sources */ = {isa = PBXBuildFile; fileRef = D2115D0F21B9895E0077A046 /* TaskTableViewCell.swift */; };
		D2115D1221B9895E0077A046 /* TaskTableViewCell.xib in Resources */ = {isa = PBXBuildFile; fileRef = D2115D1021B9895E0077A046 /* TaskTableViewCell.xib */; };
		D2115D1521B98EFC0077A046 /* IpirangaInputViewController.swift in Sources */ = {isa = PBXBuildFile; fileRef = D2115D1421B98EFC0077A046 /* IpirangaInputViewController.swift */; };
		D250C12C21BAC915003F5FAA /* CameraHandler.swift in Sources */ = {isa = PBXBuildFile; fileRef = D250C12B21BAC915003F5FAA /* CameraHandler.swift */; };
		D276CD6921B85F7400EEB268 /* AppDelegate.swift in Sources */ = {isa = PBXBuildFile; fileRef = D276CD6821B85F7400EEB268 /* AppDelegate.swift */; };
		D276CD7021B85F7500EEB268 /* Assets.xcassets in Resources */ = {isa = PBXBuildFile; fileRef = D276CD6F21B85F7500EEB268 /* Assets.xcassets */; };
		D276CD7321B85F7500EEB268 /* LaunchScreen.storyboard in Resources */ = {isa = PBXBuildFile; fileRef = D276CD7121B85F7500EEB268 /* LaunchScreen.storyboard */; };
		D276CD7E21B85F7500EEB268 /* IpirangaTests.swift in Sources */ = {isa = PBXBuildFile; fileRef = D276CD7D21B85F7500EEB268 /* IpirangaTests.swift */; };
		D276CD8921B85F7500EEB268 /* IpirangaUITests.swift in Sources */ = {isa = PBXBuildFile; fileRef = D276CD8821B85F7500EEB268 /* IpirangaUITests.swift */; };
		D276CD9C21B96AC100EEB268 /* BPMBackgroundLogin.mp4 in Resources */ = {isa = PBXBuildFile; fileRef = D276CD9B21B96AC100EEB268 /* BPMBackgroundLogin.mp4 */; };
		D276CDB121B96C3500EEB268 /* UIColor+Extension.swift in Sources */ = {isa = PBXBuildFile; fileRef = D276CDB021B96C3500EEB268 /* UIColor+Extension.swift */; };
		D276CDB621B9702000EEB268 /* IpirangaListViewController.swift in Sources */ = {isa = PBXBuildFile; fileRef = D276CDB521B9702000EEB268 /* IpirangaListViewController.swift */; };
		D276CDBA21B973D700EEB268 /* TaskTabBarViewController.swift in Sources */ = {isa = PBXBuildFile; fileRef = D276CDB921B973D700EEB268 /* TaskTabBarViewController.swift */; };
		D2C4580521BAD02400F77FD9 /* Attachment.m in Sources */ = {isa = PBXBuildFile; fileRef = D2C4580321BAD02300F77FD9 /* Attachment.m */; };
		D2C4580821BAD35200F77FD9 /* AttachmentProcessReturn.m in Sources */ = {isa = PBXBuildFile; fileRef = D2C4580621BAD35200F77FD9 /* AttachmentProcessReturn.m */; };
		D2E3613521BAFEA300D68AAE /* WorkflowProcessDto.m in Sources */ = {isa = PBXBuildFile; fileRef = D2E3613421BAFEA300D68AAE /* WorkflowProcessDto.m */; };
		D2E3614321BB40ED00D68AAE /* DadosView.swift in Sources */ = {isa = PBXBuildFile; fileRef = D2E3614221BB40ED00D68AAE /* DadosView.swift */; };
		D2E3614621BB425D00D68AAE /* ViagemViewController.swift in Sources */ = {isa = PBXBuildFile; fileRef = D2E3614521BB425D00D68AAE /* ViagemViewController.swift */; };
		D2E3614821BB42AA00D68AAE /* DadosViewController.swift in Sources */ = {isa = PBXBuildFile; fileRef = D2E3614721BB42AA00D68AAE /* DadosViewController.swift */; };
		D2E3614A21BB439F00D68AAE /* ComprovanteViewController.swift in Sources */ = {isa = PBXBuildFile; fileRef = D2E3614921BB439F00D68AAE /* ComprovanteViewController.swift */; };
		D2E3614C21BB480800D68AAE /* mapa.png in Resources */ = {isa = PBXBuildFile; fileRef = D2E3614B21BB480800D68AAE /* mapa.png */; };
		D2E3614F21BB4D3700D68AAE /* AttachmentTableViewCell.swift in Sources */ = {isa = PBXBuildFile; fileRef = D2E3614D21BB4D3700D68AAE /* AttachmentTableViewCell.swift */; };
		D2E3615021BB4D3700D68AAE /* AttachmentTableViewCell.xib in Resources */ = {isa = PBXBuildFile; fileRef = D2E3614E21BB4D3700D68AAE /* AttachmentTableViewCell.xib */; };
		D2E3615221BB4DD000D68AAE /* Adobe_Photoshop_Elements_PNG.png in Resources */ = {isa = PBXBuildFile; fileRef = D2E3615121BB4DD000D68AAE /* Adobe_Photoshop_Elements_PNG.png */; };
		D2E3615521BB867500D68AAE /* MetaViewController.swift in Sources */ = {isa = PBXBuildFile; fileRef = D2E3615421BB867500D68AAE /* MetaViewController.swift */; };
		D2E3615721BB913C00D68AAE /* ConsumoViewController.swift in Sources */ = {isa = PBXBuildFile; fileRef = D2E3615621BB913C00D68AAE /* ConsumoViewController.swift */; };
		D50005B5F88BABA0E5ADD278 /* Pods_IpirangaUITests.framework in Frameworks */ = {isa = PBXBuildFile; fileRef = C1441716BBEE8D87490BD560 /* Pods_IpirangaUITests.framework */; };
/* End PBXBuildFile section */

/* Begin PBXContainerItemProxy section */
		D276CD7A21B85F7500EEB268 /* PBXContainerItemProxy */ = {
			isa = PBXContainerItemProxy;
			containerPortal = D276CD5D21B85F7400EEB268 /* Project object */;
			proxyType = 1;
			remoteGlobalIDString = D276CD6421B85F7400EEB268;
			remoteInfo = Ipiranga;
		};
		D276CD8521B85F7500EEB268 /* PBXContainerItemProxy */ = {
			isa = PBXContainerItemProxy;
			containerPortal = D276CD5D21B85F7400EEB268 /* Project object */;
			proxyType = 1;
			remoteGlobalIDString = D276CD6421B85F7400EEB268;
			remoteInfo = Ipiranga;
		};
/* End PBXContainerItemProxy section */

/* Begin PBXFileReference section */
		0226282FB1FB59DF2992EC8E /* Pods-IpirangaUITests.release.xcconfig */ = {isa = PBXFileReference; includeInIndex = 1; lastKnownFileType = text.xcconfig; name = "Pods-IpirangaUITests.release.xcconfig"; path = "Pods/Target Support Files/Pods-IpirangaUITests/Pods-IpirangaUITests.release.xcconfig"; sourceTree = "<group>"; };
		34416234C59E079D6185566A /* Pods-IpirangaTests.debug.xcconfig */ = {isa = PBXFileReference; includeInIndex = 1; lastKnownFileType = text.xcconfig; name = "Pods-IpirangaTests.debug.xcconfig"; path = "Pods/Target Support Files/Pods-IpirangaTests/Pods-IpirangaTests.debug.xcconfig"; sourceTree = "<group>"; };
		6C15068A0CC37C54C561CE21 /* Pods_Ipiranga.framework */ = {isa = PBXFileReference; explicitFileType = wrapper.framework; includeInIndex = 0; path = Pods_Ipiranga.framework; sourceTree = BUILT_PRODUCTS_DIR; };
		7123E33ECAE39E84B4E646BE /* Pods-IpirangaUITests.debug.xcconfig */ = {isa = PBXFileReference; includeInIndex = 1; lastKnownFileType = text.xcconfig; name = "Pods-IpirangaUITests.debug.xcconfig"; path = "Pods/Target Support Files/Pods-IpirangaUITests/Pods-IpirangaUITests.debug.xcconfig"; sourceTree = "<group>"; };
		7343DA39BC380438E7DC98C8 /* Pods_IpirangaTests.framework */ = {isa = PBXFileReference; explicitFileType = wrapper.framework; includeInIndex = 0; path = Pods_IpirangaTests.framework; sourceTree = BUILT_PRODUCTS_DIR; };
		74DC157D22D499CABC0C989C /* Pods-Ipiranga.debug.xcconfig */ = {isa = PBXFileReference; includeInIndex = 1; lastKnownFileType = text.xcconfig; name = "Pods-Ipiranga.debug.xcconfig"; path = "Pods/Target Support Files/Pods-Ipiranga/Pods-Ipiranga.debug.xcconfig"; sourceTree = "<group>"; };
		7F45C214D20D4BEF372952D7 /* Pods-Ipiranga.release.xcconfig */ = {isa = PBXFileReference; includeInIndex = 1; lastKnownFileType = text.xcconfig; name = "Pods-Ipiranga.release.xcconfig"; path = "Pods/Target Support Files/Pods-Ipiranga/Pods-Ipiranga.release.xcconfig"; sourceTree = "<group>"; };
		C1441716BBEE8D87490BD560 /* Pods_IpirangaUITests.framework */ = {isa = PBXFileReference; explicitFileType = wrapper.framework; includeInIndex = 0; path = Pods_IpirangaUITests.framework; sourceTree = BUILT_PRODUCTS_DIR; };
		D2115CF921B974CD0077A046 /* Task.storyboard */ = {isa = PBXFileReference; fileEncoding = 4; lastKnownFileType = file.storyboard; path = Task.storyboard; sourceTree = "<group>"; };
		D2115CFB21B974CD0077A046 /* Main.storyboard */ = {isa = PBXFileReference; fileEncoding = 4; lastKnownFileType = file.storyboard; path = Main.storyboard; sourceTree = "<group>"; };
		D2115D0221B977DE0077A046 /* fluigSdk.plist */ = {isa = PBXFileReference; fileEncoding = 4; lastKnownFileType = text.plist.xml; path = fluigSdk.plist; sourceTree = "<group>"; };
		D2115D0421B9785E0077A046 /* Notification.storyboard */ = {isa = PBXFileReference; fileEncoding = 4; lastKnownFileType = file.storyboard; path = Notification.storyboard; sourceTree = "<group>"; };
		D2115D0521B9785E0077A046 /* Profile.storyboard */ = {isa = PBXFileReference; fileEncoding = 4; lastKnownFileType = file.storyboard; path = Profile.storyboard; sourceTree = "<group>"; };
		D2115D0921B97B280077A046 /* FluigAPI.swift */ = {isa = PBXFileReference; fileEncoding = 4; lastKnownFileType = sourcecode.swift; path = FluigAPI.swift; sourceTree = "<group>"; };
		D2115D0B21B97BBE0077A046 /* Constants.swift */ = {isa = PBXFileReference; fileEncoding = 4; lastKnownFileType = sourcecode.swift; path = Constants.swift; sourceTree = "<group>"; };
		D2115D0F21B9895E0077A046 /* TaskTableViewCell.swift */ = {isa = PBXFileReference; lastKnownFileType = sourcecode.swift; path = TaskTableViewCell.swift; sourceTree = "<group>"; };
		D2115D1021B9895E0077A046 /* TaskTableViewCell.xib */ = {isa = PBXFileReference; lastKnownFileType = file.xib; path = TaskTableViewCell.xib; sourceTree = "<group>"; };
		D2115D1421B98EFC0077A046 /* IpirangaInputViewController.swift */ = {isa = PBXFileReference; lastKnownFileType = sourcecode.swift; path = IpirangaInputViewController.swift; sourceTree = "<group>"; };
		D2115D1621B9952D0077A046 /* Ipiranga-Bridging-Header.h */ = {isa = PBXFileReference; lastKnownFileType = sourcecode.c.h; path = "Ipiranga-Bridging-Header.h"; sourceTree = "<group>"; };
		D250C12B21BAC915003F5FAA /* CameraHandler.swift */ = {isa = PBXFileReference; lastKnownFileType = sourcecode.swift; path = CameraHandler.swift; sourceTree = "<group>"; };
		D276CD6521B85F7400EEB268 /* Ipiranga.app */ = {isa = PBXFileReference; explicitFileType = wrapper.application; includeInIndex = 0; path = Ipiranga.app; sourceTree = BUILT_PRODUCTS_DIR; };
		D276CD6821B85F7400EEB268 /* AppDelegate.swift */ = {isa = PBXFileReference; lastKnownFileType = sourcecode.swift; path = AppDelegate.swift; sourceTree = "<group>"; };
		D276CD6F21B85F7500EEB268 /* Assets.xcassets */ = {isa = PBXFileReference; lastKnownFileType = folder.assetcatalog; path = Assets.xcassets; sourceTree = "<group>"; };
		D276CD7221B85F7500EEB268 /* Base */ = {isa = PBXFileReference; lastKnownFileType = file.storyboard; name = Base; path = Base.lproj/LaunchScreen.storyboard; sourceTree = "<group>"; };
		D276CD7421B85F7500EEB268 /* Info.plist */ = {isa = PBXFileReference; lastKnownFileType = text.plist.xml; path = Info.plist; sourceTree = "<group>"; };
		D276CD7921B85F7500EEB268 /* IpirangaTests.xctest */ = {isa = PBXFileReference; explicitFileType = wrapper.cfbundle; includeInIndex = 0; path = IpirangaTests.xctest; sourceTree = BUILT_PRODUCTS_DIR; };
		D276CD7D21B85F7500EEB268 /* IpirangaTests.swift */ = {isa = PBXFileReference; lastKnownFileType = sourcecode.swift; path = IpirangaTests.swift; sourceTree = "<group>"; };
		D276CD7F21B85F7500EEB268 /* Info.plist */ = {isa = PBXFileReference; lastKnownFileType = text.plist.xml; path = Info.plist; sourceTree = "<group>"; };
		D276CD8421B85F7500EEB268 /* IpirangaUITests.xctest */ = {isa = PBXFileReference; explicitFileType = wrapper.cfbundle; includeInIndex = 0; path = IpirangaUITests.xctest; sourceTree = BUILT_PRODUCTS_DIR; };
		D276CD8821B85F7500EEB268 /* IpirangaUITests.swift */ = {isa = PBXFileReference; lastKnownFileType = sourcecode.swift; path = IpirangaUITests.swift; sourceTree = "<group>"; };
		D276CD8A21B85F7500EEB268 /* Info.plist */ = {isa = PBXFileReference; lastKnownFileType = text.plist.xml; path = Info.plist; sourceTree = "<group>"; };
		D276CD9B21B96AC100EEB268 /* BPMBackgroundLogin.mp4 */ = {isa = PBXFileReference; lastKnownFileType = file; name = BPMBackgroundLogin.mp4; path = "../../../bpm-aprovacao-ios/BPMAprovacao/BPMBackgroundLogin.mp4"; sourceTree = "<group>"; };
		D276CDB021B96C3500EEB268 /* UIColor+Extension.swift */ = {isa = PBXFileReference; fileEncoding = 4; lastKnownFileType = sourcecode.swift; name = "UIColor+Extension.swift"; path = "../../../../bpm-aprovacao-ios/BPMAprovacao/UIColor+Extension.swift"; sourceTree = "<group>"; };
		D276CDB521B9702000EEB268 /* IpirangaListViewController.swift */ = {isa = PBXFileReference; lastKnownFileType = sourcecode.swift; path = IpirangaListViewController.swift; sourceTree = "<group>"; };
		D276CDB921B973D700EEB268 /* TaskTabBarViewController.swift */ = {isa = PBXFileReference; fileEncoding = 4; lastKnownFileType = sourcecode.swift; name = TaskTabBarViewController.swift; path = Ipiranga/Controller/TaskTabBarViewController.swift; sourceTree = SOURCE_ROOT; };
		D2C4580321BAD02300F77FD9 /* Attachment.m */ = {isa = PBXFileReference; fileEncoding = 4; lastKnownFileType = sourcecode.c.objc; path = Attachment.m; sourceTree = "<group>"; };
		D2C4580421BAD02400F77FD9 /* Attachment.h */ = {isa = PBXFileReference; fileEncoding = 4; lastKnownFileType = sourcecode.c.h; path = Attachment.h; sourceTree = "<group>"; };
		D2C4580621BAD35200F77FD9 /* AttachmentProcessReturn.m */ = {isa = PBXFileReference; fileEncoding = 4; lastKnownFileType = sourcecode.c.objc; path = AttachmentProcessReturn.m; sourceTree = "<group>"; };
		D2C4580721BAD35200F77FD9 /* AttachmentProcessReturn.h */ = {isa = PBXFileReference; fileEncoding = 4; lastKnownFileType = sourcecode.c.h; path = AttachmentProcessReturn.h; sourceTree = "<group>"; };
		D2E3613321BAFEA300D68AAE /* WorkflowProcessDto.h */ = {isa = PBXFileReference; fileEncoding = 4; lastKnownFileType = sourcecode.c.h; path = WorkflowProcessDto.h; sourceTree = "<group>"; };
		D2E3613421BAFEA300D68AAE /* WorkflowProcessDto.m */ = {isa = PBXFileReference; fileEncoding = 4; lastKnownFileType = sourcecode.c.objc; path = WorkflowProcessDto.m; sourceTree = "<group>"; };
		D2E3614221BB40ED00D68AAE /* DadosView.swift */ = {isa = PBXFileReference; lastKnownFileType = sourcecode.swift; path = DadosView.swift; sourceTree = "<group>"; };
		D2E3614521BB425D00D68AAE /* ViagemViewController.swift */ = {isa = PBXFileReference; lastKnownFileType = sourcecode.swift; path = ViagemViewController.swift; sourceTree = "<group>"; };
		D2E3614721BB42AA00D68AAE /* DadosViewController.swift */ = {isa = PBXFileReference; lastKnownFileType = sourcecode.swift; path = DadosViewController.swift; sourceTree = "<group>"; };
		D2E3614921BB439F00D68AAE /* ComprovanteViewController.swift */ = {isa = PBXFileReference; lastKnownFileType = sourcecode.swift; path = ComprovanteViewController.swift; sourceTree = "<group>"; };
		D2E3614B21BB480800D68AAE /* mapa.png */ = {isa = PBXFileReference; lastKnownFileType = image.png; path = mapa.png; sourceTree = "<group>"; };
		D2E3614D21BB4D3700D68AAE /* AttachmentTableViewCell.swift */ = {isa = PBXFileReference; lastKnownFileType = sourcecode.swift; path = AttachmentTableViewCell.swift; sourceTree = "<group>"; };
		D2E3614E21BB4D3700D68AAE /* AttachmentTableViewCell.xib */ = {isa = PBXFileReference; lastKnownFileType = file.xib; path = AttachmentTableViewCell.xib; sourceTree = "<group>"; };
		D2E3615121BB4DD000D68AAE /* Adobe_Photoshop_Elements_PNG.png */ = {isa = PBXFileReference; lastKnownFileType = image.png; path = Adobe_Photoshop_Elements_PNG.png; sourceTree = "<group>"; };
		D2E3615421BB867500D68AAE /* MetaViewController.swift */ = {isa = PBXFileReference; lastKnownFileType = sourcecode.swift; path = MetaViewController.swift; sourceTree = "<group>"; };
		D2E3615621BB913C00D68AAE /* ConsumoViewController.swift */ = {isa = PBXFileReference; lastKnownFileType = sourcecode.swift; path = ConsumoViewController.swift; sourceTree = "<group>"; };
		E0FC5B305A78740B0768C4DC /* Pods-IpirangaTests.release.xcconfig */ = {isa = PBXFileReference; includeInIndex = 1; lastKnownFileType = text.xcconfig; name = "Pods-IpirangaTests.release.xcconfig"; path = "Pods/Target Support Files/Pods-IpirangaTests/Pods-IpirangaTests.release.xcconfig"; sourceTree = "<group>"; };
/* End PBXFileReference section */

/* Begin PBXFrameworksBuildPhase section */
		D276CD6221B85F7400EEB268 /* Frameworks */ = {
			isa = PBXFrameworksBuildPhase;
			buildActionMask = 2147483647;
			files = (
				765EF36DCF5FB45239E9259B /* Pods_Ipiranga.framework in Frameworks */,
			);
			runOnlyForDeploymentPostprocessing = 0;
		};
		D276CD7621B85F7500EEB268 /* Frameworks */ = {
			isa = PBXFrameworksBuildPhase;
			buildActionMask = 2147483647;
			files = (
				16CFB1D916A9E8CCD36FBD1B /* Pods_IpirangaTests.framework in Frameworks */,
			);
			runOnlyForDeploymentPostprocessing = 0;
		};
		D276CD8121B85F7500EEB268 /* Frameworks */ = {
			isa = PBXFrameworksBuildPhase;
			buildActionMask = 2147483647;
			files = (
				D50005B5F88BABA0E5ADD278 /* Pods_IpirangaUITests.framework in Frameworks */,
			);
			runOnlyForDeploymentPostprocessing = 0;
		};
/* End PBXFrameworksBuildPhase section */

/* Begin PBXGroup section */
		1700ED34BF44CAC5A0784088 /* Pods */ = {
			isa = PBXGroup;
			children = (
				74DC157D22D499CABC0C989C /* Pods-Ipiranga.debug.xcconfig */,
				7F45C214D20D4BEF372952D7 /* Pods-Ipiranga.release.xcconfig */,
				34416234C59E079D6185566A /* Pods-IpirangaTests.debug.xcconfig */,
				E0FC5B305A78740B0768C4DC /* Pods-IpirangaTests.release.xcconfig */,
				7123E33ECAE39E84B4E646BE /* Pods-IpirangaUITests.debug.xcconfig */,
				0226282FB1FB59DF2992EC8E /* Pods-IpirangaUITests.release.xcconfig */,
			);
			name = Pods;
			sourceTree = "<group>";
		};
		D2115D0121B977B00077A046 /* Support Files */ = {
			isa = PBXGroup;
			children = (
				D2115D0221B977DE0077A046 /* fluigSdk.plist */,
			);
			path = "Support Files";
			sourceTree = "<group>";
		};
		D2115D0821B97B1B0077A046 /* Services */ = {
			isa = PBXGroup;
			children = (
				D2115D0921B97B280077A046 /* FluigAPI.swift */,
			);
			path = Services;
			sourceTree = "<group>";
		};
		D2115D0D21B989130077A046 /* View */ = {
			isa = PBXGroup;
			children = (
				D2115D0E21B989230077A046 /* Cells */,
				D2E3614221BB40ED00D68AAE /* DadosView.swift */,
			);
			path = View;
			sourceTree = "<group>";
		};
		D2115D0E21B989230077A046 /* Cells */ = {
			isa = PBXGroup;
			children = (
				D2115D0F21B9895E0077A046 /* TaskTableViewCell.swift */,
				D2115D1021B9895E0077A046 /* TaskTableViewCell.xib */,
				D2E3614D21BB4D3700D68AAE /* AttachmentTableViewCell.swift */,
				D2E3614E21BB4D3700D68AAE /* AttachmentTableViewCell.xib */,
			);
			path = Cells;
			sourceTree = "<group>";
		};
		D2115D1321B98EBE0077A046 /* Input */ = {
			isa = PBXGroup;
			children = (
				D2115D1421B98EFC0077A046 /* IpirangaInputViewController.swift */,
			);
			path = Input;
			sourceTree = "<group>";
		};
		D276CD5C21B85F7400EEB268 = {
			isa = PBXGroup;
			children = (
				D276CD6721B85F7400EEB268 /* Ipiranga */,
				D276CD7C21B85F7500EEB268 /* IpirangaTests */,
				D276CD8721B85F7500EEB268 /* IpirangaUITests */,
				D276CD6621B85F7400EEB268 /* Products */,
				1700ED34BF44CAC5A0784088 /* Pods */,
				E2F0350C49E8088F77C72D00 /* Frameworks */,
			);
			sourceTree = "<group>";
		};
		D276CD6621B85F7400EEB268 /* Products */ = {
			isa = PBXGroup;
			children = (
				D276CD6521B85F7400EEB268 /* Ipiranga.app */,
				D276CD7921B85F7500EEB268 /* IpirangaTests.xctest */,
				D276CD8421B85F7500EEB268 /* IpirangaUITests.xctest */,
			);
			name = Products;
			sourceTree = "<group>";
		};
		D276CD6721B85F7400EEB268 /* Ipiranga */ = {
			isa = PBXGroup;
			children = (
				D2E3615121BB4DD000D68AAE /* Adobe_Photoshop_Elements_PNG.png */,
				D2E3614B21BB480800D68AAE /* mapa.png */,
				D2C457FC21BACEC700F77FD9 /* Model */,
				D2115D0D21B989130077A046 /* View */,
				D2115D0821B97B1B0077A046 /* Services */,
				D2115D0121B977B00077A046 /* Support Files */,
				D276CDAD21B96BBD00EEB268 /* Utils */,
				D276CDAA21B96B1400EEB268 /* Controller */,
				D276CD9D21B96ACC00EEB268 /* Storyboards */,
				D276CD9B21B96AC100EEB268 /* BPMBackgroundLogin.mp4 */,
				D276CD6821B85F7400EEB268 /* AppDelegate.swift */,
				D276CD6F21B85F7500EEB268 /* Assets.xcassets */,
				D276CD7121B85F7500EEB268 /* LaunchScreen.storyboard */,
				D276CD7421B85F7500EEB268 /* Info.plist */,
			);
			path = Ipiranga;
			sourceTree = "<group>";
		};
		D276CD7C21B85F7500EEB268 /* IpirangaTests */ = {
			isa = PBXGroup;
			children = (
				D276CD7D21B85F7500EEB268 /* IpirangaTests.swift */,
				D276CD7F21B85F7500EEB268 /* Info.plist */,
			);
			path = IpirangaTests;
			sourceTree = "<group>";
		};
		D276CD8721B85F7500EEB268 /* IpirangaUITests */ = {
			isa = PBXGroup;
			children = (
				D276CD8821B85F7500EEB268 /* IpirangaUITests.swift */,
				D276CD8A21B85F7500EEB268 /* Info.plist */,
			);
			path = IpirangaUITests;
			sourceTree = "<group>";
		};
		D276CD9D21B96ACC00EEB268 /* Storyboards */ = {
			isa = PBXGroup;
			children = (
				D2115CFB21B974CD0077A046 /* Main.storyboard */,
				D2115CF921B974CD0077A046 /* Task.storyboard */,
				D2115D0421B9785E0077A046 /* Notification.storyboard */,
				D2115D0521B9785E0077A046 /* Profile.storyboard */,
			);
			path = Storyboards;
			sourceTree = "<group>";
		};
		D276CDAA21B96B1400EEB268 /* Controller */ = {
			isa = PBXGroup;
			children = (
				D2E3614421BB424300D68AAE /* New Group */,
				D276CDB221B96F8000EEB268 /* Scenes */,
			);
			path = Controller;
			sourceTree = "<group>";
		};
		D276CDAD21B96BBD00EEB268 /* Utils */ = {
			isa = PBXGroup;
			children = (
				D2115D0B21B97BBE0077A046 /* Constants.swift */,
				D276CDB021B96C3500EEB268 /* UIColor+Extension.swift */,
				D2115D1621B9952D0077A046 /* Ipiranga-Bridging-Header.h */,
				D250C12B21BAC915003F5FAA /* CameraHandler.swift */,
			);
			path = Utils;
			sourceTree = "<group>";
		};
		D276CDB221B96F8000EEB268 /* Scenes */ = {
			isa = PBXGroup;
			children = (
				D2E3615321BB862F00D68AAE /* New Group */,
				D276CDB321B96F9600EEB268 /* Task */,
			);
			path = Scenes;
			sourceTree = "<group>";
		};
		D276CDB321B96F9600EEB268 /* Task */ = {
			isa = PBXGroup;
			children = (
				D2115D1321B98EBE0077A046 /* Input */,
				D276CDB921B973D700EEB268 /* TaskTabBarViewController.swift */,
				D276CDB421B96FDB00EEB268 /* List */,
			);
			path = Task;
			sourceTree = "<group>";
		};
		D276CDB421B96FDB00EEB268 /* List */ = {
			isa = PBXGroup;
			children = (
				D276CDB521B9702000EEB268 /* IpirangaListViewController.swift */,
			);
			path = List;
			sourceTree = "<group>";
		};
		D2C457FC21BACEC700F77FD9 /* Model */ = {
			isa = PBXGroup;
			children = (
				D2E3613321BAFEA300D68AAE /* WorkflowProcessDto.h */,
				D2E3613421BAFEA300D68AAE /* WorkflowProcessDto.m */,
				D2C4580721BAD35200F77FD9 /* AttachmentProcessReturn.h */,
				D2C4580621BAD35200F77FD9 /* AttachmentProcessReturn.m */,
				D2C4580421BAD02400F77FD9 /* Attachment.h */,
				D2C4580321BAD02300F77FD9 /* Attachment.m */,
			);
			path = Model;
			sourceTree = "<group>";
		};
		D2E3614421BB424300D68AAE /* New Group */ = {
			isa = PBXGroup;
			children = (
				D2E3614521BB425D00D68AAE /* ViagemViewController.swift */,
				D2E3614721BB42AA00D68AAE /* DadosViewController.swift */,
				D2E3614921BB439F00D68AAE /* ComprovanteViewController.swift */,
			);
			path = "New Group";
			sourceTree = "<group>";
		};
		D2E3615321BB862F00D68AAE /* New Group */ = {
			isa = PBXGroup;
			children = (
				D2E3615421BB867500D68AAE /* MetaViewController.swift */,
				D2E3615621BB913C00D68AAE /* ConsumoViewController.swift */,
			);
			path = "New Group";
			sourceTree = "<group>";
		};
		E2F0350C49E8088F77C72D00 /* Frameworks */ = {
			isa = PBXGroup;
			children = (
				6C15068A0CC37C54C561CE21 /* Pods_Ipiranga.framework */,
				7343DA39BC380438E7DC98C8 /* Pods_IpirangaTests.framework */,
				C1441716BBEE8D87490BD560 /* Pods_IpirangaUITests.framework */,
			);
			name = Frameworks;
			sourceTree = "<group>";
		};
/* End PBXGroup section */

/* Begin PBXNativeTarget section */
		D276CD6421B85F7400EEB268 /* Ipiranga */ = {
			isa = PBXNativeTarget;
			buildConfigurationList = D276CD8D21B85F7500EEB268 /* Build configuration list for PBXNativeTarget "Ipiranga" */;
			buildPhases = (
				3DAA18DA1B1270BE00DE43F1 /* [CP] Check Pods Manifest.lock */,
				D276CD6121B85F7400EEB268 /* Sources */,
				D276CD6221B85F7400EEB268 /* Frameworks */,
				D276CD6321B85F7400EEB268 /* Resources */,
				5B0FC43D89C98F504E537ACE /* [CP] Embed Pods Frameworks */,
			);
			buildRules = (
			);
			dependencies = (
			);
			name = Ipiranga;
			productName = Ipiranga;
			productReference = D276CD6521B85F7400EEB268 /* Ipiranga.app */;
			productType = "com.apple.product-type.application";
		};
		D276CD7821B85F7500EEB268 /* IpirangaTests */ = {
			isa = PBXNativeTarget;
			buildConfigurationList = D276CD9021B85F7500EEB268 /* Build configuration list for PBXNativeTarget "IpirangaTests" */;
			buildPhases = (
				ED19D52948E95B63D1211E79 /* [CP] Check Pods Manifest.lock */,
				D276CD7521B85F7500EEB268 /* Sources */,
				D276CD7621B85F7500EEB268 /* Frameworks */,
				D276CD7721B85F7500EEB268 /* Resources */,
			);
			buildRules = (
			);
			dependencies = (
				D276CD7B21B85F7500EEB268 /* PBXTargetDependency */,
			);
			name = IpirangaTests;
			productName = IpirangaTests;
			productReference = D276CD7921B85F7500EEB268 /* IpirangaTests.xctest */;
			productType = "com.apple.product-type.bundle.unit-test";
		};
		D276CD8321B85F7500EEB268 /* IpirangaUITests */ = {
			isa = PBXNativeTarget;
			buildConfigurationList = D276CD9321B85F7500EEB268 /* Build configuration list for PBXNativeTarget "IpirangaUITests" */;
			buildPhases = (
				9F8A041317ADE99B5766EC3E /* [CP] Check Pods Manifest.lock */,
				D276CD8021B85F7500EEB268 /* Sources */,
				D276CD8121B85F7500EEB268 /* Frameworks */,
				D276CD8221B85F7500EEB268 /* Resources */,
			);
			buildRules = (
			);
			dependencies = (
				D276CD8621B85F7500EEB268 /* PBXTargetDependency */,
			);
			name = IpirangaUITests;
			productName = IpirangaUITests;
			productReference = D276CD8421B85F7500EEB268 /* IpirangaUITests.xctest */;
			productType = "com.apple.product-type.bundle.ui-testing";
		};
/* End PBXNativeTarget section */

/* Begin PBXProject section */
		D276CD5D21B85F7400EEB268 /* Project object */ = {
			isa = PBXProject;
			attributes = {
				LastSwiftUpdateCheck = 1010;
				LastUpgradeCheck = 1010;
				ORGANIZATIONNAME = Totvs;
				TargetAttributes = {
					D276CD6421B85F7400EEB268 = {
						CreatedOnToolsVersion = 10.1;
						LastSwiftMigration = 1010;
					};
					D276CD7821B85F7500EEB268 = {
						CreatedOnToolsVersion = 10.1;
						TestTargetID = D276CD6421B85F7400EEB268;
					};
					D276CD8321B85F7500EEB268 = {
						CreatedOnToolsVersion = 10.1;
						TestTargetID = D276CD6421B85F7400EEB268;
					};
				};
			};
			buildConfigurationList = D276CD6021B85F7400EEB268 /* Build configuration list for PBXProject "Ipiranga" */;
			compatibilityVersion = "Xcode 9.3";
			developmentRegion = en;
			hasScannedForEncodings = 0;
			knownRegions = (
				en,
				Base,
			);
			mainGroup = D276CD5C21B85F7400EEB268;
			productRefGroup = D276CD6621B85F7400EEB268 /* Products */;
			projectDirPath = "";
			projectRoot = "";
			targets = (
				D276CD6421B85F7400EEB268 /* Ipiranga */,
				D276CD7821B85F7500EEB268 /* IpirangaTests */,
				D276CD8321B85F7500EEB268 /* IpirangaUITests */,
			);
		};
/* End PBXProject section */

/* Begin PBXResourcesBuildPhase section */
		D276CD6321B85F7400EEB268 /* Resources */ = {
			isa = PBXResourcesBuildPhase;
			buildActionMask = 2147483647;
			files = (
				D276CD7321B85F7500EEB268 /* LaunchScreen.storyboard in Resources */,
				D2115CFD21B974CD0077A046 /* Task.storyboard in Resources */,
				D2E3615221BB4DD000D68AAE /* Adobe_Photoshop_Elements_PNG.png in Resources */,
				D2115D0721B9785E0077A046 /* Profile.storyboard in Resources */,
				D276CD9C21B96AC100EEB268 /* BPMBackgroundLogin.mp4 in Resources */,
				D2115D0321B977DE0077A046 /* fluigSdk.plist in Resources */,
				D2115CFF21B974CD0077A046 /* Main.storyboard in Resources */,
				D2E3614C21BB480800D68AAE /* mapa.png in Resources */,
				D2115D1221B9895E0077A046 /* TaskTableViewCell.xib in Resources */,
				D276CD7021B85F7500EEB268 /* Assets.xcassets in Resources */,
				D2115D0621B9785E0077A046 /* Notification.storyboard in Resources */,
				D2E3615021BB4D3700D68AAE /* AttachmentTableViewCell.xib in Resources */,
			);
			runOnlyForDeploymentPostprocessing = 0;
		};
		D276CD7721B85F7500EEB268 /* Resources */ = {
			isa = PBXResourcesBuildPhase;
			buildActionMask = 2147483647;
			files = (
			);
			runOnlyForDeploymentPostprocessing = 0;
		};
		D276CD8221B85F7500EEB268 /* Resources */ = {
			isa = PBXResourcesBuildPhase;
			buildActionMask = 2147483647;
			files = (
			);
			runOnlyForDeploymentPostprocessing = 0;
		};
/* End PBXResourcesBuildPhase section */

/* Begin PBXShellScriptBuildPhase section */
		3DAA18DA1B1270BE00DE43F1 /* [CP] Check Pods Manifest.lock */ = {
			isa = PBXShellScriptBuildPhase;
			buildActionMask = 2147483647;
			files = (
			);
			inputPaths = (
				"${PODS_PODFILE_DIR_PATH}/Podfile.lock",
				"${PODS_ROOT}/Manifest.lock",
			);
			name = "[CP] Check Pods Manifest.lock";
			outputPaths = (
				"$(DERIVED_FILE_DIR)/Pods-Ipiranga-checkManifestLockResult.txt",
			);
			runOnlyForDeploymentPostprocessing = 0;
			shellPath = /bin/sh;
			shellScript = "diff \"${PODS_PODFILE_DIR_PATH}/Podfile.lock\" \"${PODS_ROOT}/Manifest.lock\" > /dev/null\nif [ $? != 0 ] ; then\n    # print error to STDERR\n    echo \"error: The sandbox is not in sync with the Podfile.lock. Run 'pod install' or update your CocoaPods installation.\" >&2\n    exit 1\nfi\n# This output is used by Xcode 'outputs' to avoid re-running this script phase.\necho \"SUCCESS\" > \"${SCRIPT_OUTPUT_FILE_0}\"\n";
			showEnvVarsInLog = 0;
		};
		5B0FC43D89C98F504E537ACE /* [CP] Embed Pods Frameworks */ = {
			isa = PBXShellScriptBuildPhase;
			buildActionMask = 2147483647;
			files = (
			);
			inputPaths = (
				"${SRCROOT}/Pods/Target Support Files/Pods-Ipiranga/Pods-Ipiranga-frameworks.sh",
				"${BUILT_PRODUCTS_DIR}/Alamofire/Alamofire.framework",
				"${BUILT_PRODUCTS_DIR}/IQKeyboardManagerSwift/IQKeyboardManagerSwift.framework",
				"${BUILT_PRODUCTS_DIR}/RSLoadingView/RSLoadingView.framework",
				"${BUILT_PRODUCTS_DIR}/SBJson/SBJson.framework",
				"${BUILT_PRODUCTS_DIR}/SDWebImage/SDWebImage.framework",
				"${BUILT_PRODUCTS_DIR}/TKImageShowing/TKImageShowing.framework",
				"${PODS_ROOT}/fluigsdk/fluigSDKCore.framework",
				"${PODS_ROOT}/fluigsdk/fluigSDKFlows.framework",
				"${PODS_ROOT}/fluigsdk/fluigSDKUi.framework",
			);
			name = "[CP] Embed Pods Frameworks";
			outputPaths = (
				"${TARGET_BUILD_DIR}/${FRAMEWORKS_FOLDER_PATH}/Alamofire.framework",
				"${TARGET_BUILD_DIR}/${FRAMEWORKS_FOLDER_PATH}/IQKeyboardManagerSwift.framework",
				"${TARGET_BUILD_DIR}/${FRAMEWORKS_FOLDER_PATH}/RSLoadingView.framework",
				"${TARGET_BUILD_DIR}/${FRAMEWORKS_FOLDER_PATH}/SBJson.framework",
				"${TARGET_BUILD_DIR}/${FRAMEWORKS_FOLDER_PATH}/SDWebImage.framework",
				"${TARGET_BUILD_DIR}/${FRAMEWORKS_FOLDER_PATH}/TKImageShowing.framework",
				"${TARGET_BUILD_DIR}/${FRAMEWORKS_FOLDER_PATH}/fluigSDKCore.framework",
				"${TARGET_BUILD_DIR}/${FRAMEWORKS_FOLDER_PATH}/fluigSDKFlows.framework",
				"${TARGET_BUILD_DIR}/${FRAMEWORKS_FOLDER_PATH}/fluigSDKUi.framework",
			);
			runOnlyForDeploymentPostprocessing = 0;
			shellPath = /bin/sh;
			shellScript = "\"${SRCROOT}/Pods/Target Support Files/Pods-Ipiranga/Pods-Ipiranga-frameworks.sh\"\n";
			showEnvVarsInLog = 0;
		};
		9F8A041317ADE99B5766EC3E /* [CP] Check Pods Manifest.lock */ = {
			isa = PBXShellScriptBuildPhase;
			buildActionMask = 2147483647;
			files = (
			);
			inputPaths = (
				"${PODS_PODFILE_DIR_PATH}/Podfile.lock",
				"${PODS_ROOT}/Manifest.lock",
			);
			name = "[CP] Check Pods Manifest.lock";
			outputPaths = (
				"$(DERIVED_FILE_DIR)/Pods-IpirangaUITests-checkManifestLockResult.txt",
			);
			runOnlyForDeploymentPostprocessing = 0;
			shellPath = /bin/sh;
			shellScript = "diff \"${PODS_PODFILE_DIR_PATH}/Podfile.lock\" \"${PODS_ROOT}/Manifest.lock\" > /dev/null\nif [ $? != 0 ] ; then\n    # print error to STDERR\n    echo \"error: The sandbox is not in sync with the Podfile.lock. Run 'pod install' or update your CocoaPods installation.\" >&2\n    exit 1\nfi\n# This output is used by Xcode 'outputs' to avoid re-running this script phase.\necho \"SUCCESS\" > \"${SCRIPT_OUTPUT_FILE_0}\"\n";
			showEnvVarsInLog = 0;
		};
		ED19D52948E95B63D1211E79 /* [CP] Check Pods Manifest.lock */ = {
			isa = PBXShellScriptBuildPhase;
			buildActionMask = 2147483647;
			files = (
			);
			inputPaths = (
				"${PODS_PODFILE_DIR_PATH}/Podfile.lock",
				"${PODS_ROOT}/Manifest.lock",
			);
			name = "[CP] Check Pods Manifest.lock";
			outputPaths = (
				"$(DERIVED_FILE_DIR)/Pods-IpirangaTests-checkManifestLockResult.txt",
			);
			runOnlyForDeploymentPostprocessing = 0;
			shellPath = /bin/sh;
			shellScript = "diff \"${PODS_PODFILE_DIR_PATH}/Podfile.lock\" \"${PODS_ROOT}/Manifest.lock\" > /dev/null\nif [ $? != 0 ] ; then\n    # print error to STDERR\n    echo \"error: The sandbox is not in sync with the Podfile.lock. Run 'pod install' or update your CocoaPods installation.\" >&2\n    exit 1\nfi\n# This output is used by Xcode 'outputs' to avoid re-running this script phase.\necho \"SUCCESS\" > \"${SCRIPT_OUTPUT_FILE_0}\"\n";
			showEnvVarsInLog = 0;
		};
/* End PBXShellScriptBuildPhase section */

/* Begin PBXSourcesBuildPhase section */
		D276CD6121B85F7400EEB268 /* Sources */ = {
			isa = PBXSourcesBuildPhase;
			buildActionMask = 2147483647;
			files = (
				D2115D1121B9895E0077A046 /* TaskTableViewCell.swift in Sources */,
				D2E3615521BB867500D68AAE /* MetaViewController.swift in Sources */,
				D2115D0A21B97B280077A046 /* FluigAPI.swift in Sources */,
				D2115D1521B98EFC0077A046 /* IpirangaInputViewController.swift in Sources */,
				D276CD6921B85F7400EEB268 /* AppDelegate.swift in Sources */,
				D276CDB621B9702000EEB268 /* IpirangaListViewController.swift in Sources */,
				D276CDB121B96C3500EEB268 /* UIColor+Extension.swift in Sources */,
				D2C4580521BAD02400F77FD9 /* Attachment.m in Sources */,
				D2E3614A21BB439F00D68AAE /* ComprovanteViewController.swift in Sources */,
				D276CDBA21B973D700EEB268 /* TaskTabBarViewController.swift in Sources */,
				D2E3614321BB40ED00D68AAE /* DadosView.swift in Sources */,
				D2E3613521BAFEA300D68AAE /* WorkflowProcessDto.m in Sources */,
				D2C4580821BAD35200F77FD9 /* AttachmentProcessReturn.m in Sources */,
				D2E3615721BB913C00D68AAE /* ConsumoViewController.swift in Sources */,
				D2E3614F21BB4D3700D68AAE /* AttachmentTableViewCell.swift in Sources */,
				D2E3614621BB425D00D68AAE /* ViagemViewController.swift in Sources */,
				D2E3614821BB42AA00D68AAE /* DadosViewController.swift in Sources */,
				D250C12C21BAC915003F5FAA /* CameraHandler.swift in Sources */,
				D2115D0C21B97BBE0077A046 /* Constants.swift in Sources */,
			);
			runOnlyForDeploymentPostprocessing = 0;
		};
		D276CD7521B85F7500EEB268 /* Sources */ = {
			isa = PBXSourcesBuildPhase;
			buildActionMask = 2147483647;
			files = (
				D276CD7E21B85F7500EEB268 /* IpirangaTests.swift in Sources */,
			);
			runOnlyForDeploymentPostprocessing = 0;
		};
		D276CD8021B85F7500EEB268 /* Sources */ = {
			isa = PBXSourcesBuildPhase;
			buildActionMask = 2147483647;
			files = (
				D276CD8921B85F7500EEB268 /* IpirangaUITests.swift in Sources */,
			);
			runOnlyForDeploymentPostprocessing = 0;
		};
/* End PBXSourcesBuildPhase section */

/* Begin PBXTargetDependency section */
		D276CD7B21B85F7500EEB268 /* PBXTargetDependency */ = {
			isa = PBXTargetDependency;
			target = D276CD6421B85F7400EEB268 /* Ipiranga */;
			targetProxy = D276CD7A21B85F7500EEB268 /* PBXContainerItemProxy */;
		};
		D276CD8621B85F7500EEB268 /* PBXTargetDependency */ = {
			isa = PBXTargetDependency;
			target = D276CD6421B85F7400EEB268 /* Ipiranga */;
			targetProxy = D276CD8521B85F7500EEB268 /* PBXContainerItemProxy */;
		};
/* End PBXTargetDependency section */

/* Begin PBXVariantGroup section */
		D276CD7121B85F7500EEB268 /* LaunchScreen.storyboard */ = {
			isa = PBXVariantGroup;
			children = (
				D276CD7221B85F7500EEB268 /* Base */,
			);
			name = LaunchScreen.storyboard;
			sourceTree = "<group>";
		};
/* End PBXVariantGroup section */

/* Begin XCBuildConfiguration section */
		D276CD8B21B85F7500EEB268 /* Debug */ = {
			isa = XCBuildConfiguration;
			buildSettings = {
				ALWAYS_SEARCH_USER_PATHS = NO;
				CLANG_ANALYZER_NONNULL = YES;
				CLANG_ANALYZER_NUMBER_OBJECT_CONVERSION = YES_AGGRESSIVE;
				CLANG_CXX_LANGUAGE_STANDARD = "gnu++14";
				CLANG_CXX_LIBRARY = "libc++";
				CLANG_ENABLE_MODULES = YES;
				CLANG_ENABLE_OBJC_ARC = YES;
				CLANG_ENABLE_OBJC_WEAK = YES;
				CLANG_WARN_BLOCK_CAPTURE_AUTORELEASING = YES;
				CLANG_WARN_BOOL_CONVERSION = YES;
				CLANG_WARN_COMMA = YES;
				CLANG_WARN_CONSTANT_CONVERSION = YES;
				CLANG_WARN_DEPRECATED_OBJC_IMPLEMENTATIONS = YES;
				CLANG_WARN_DIRECT_OBJC_ISA_USAGE = YES_ERROR;
				CLANG_WARN_DOCUMENTATION_COMMENTS = YES;
				CLANG_WARN_EMPTY_BODY = YES;
				CLANG_WARN_ENUM_CONVERSION = YES;
				CLANG_WARN_INFINITE_RECURSION = YES;
				CLANG_WARN_INT_CONVERSION = YES;
				CLANG_WARN_NON_LITERAL_NULL_CONVERSION = YES;
				CLANG_WARN_OBJC_IMPLICIT_RETAIN_SELF = YES;
				CLANG_WARN_OBJC_LITERAL_CONVERSION = YES;
				CLANG_WARN_OBJC_ROOT_CLASS = YES_ERROR;
				CLANG_WARN_RANGE_LOOP_ANALYSIS = YES;
				CLANG_WARN_STRICT_PROTOTYPES = YES;
				CLANG_WARN_SUSPICIOUS_MOVE = YES;
				CLANG_WARN_UNGUARDED_AVAILABILITY = YES_AGGRESSIVE;
				CLANG_WARN_UNREACHABLE_CODE = YES;
				CLANG_WARN__DUPLICATE_METHOD_MATCH = YES;
				CODE_SIGN_IDENTITY = "iPhone Developer";
				COPY_PHASE_STRIP = NO;
				DEBUG_INFORMATION_FORMAT = dwarf;
				ENABLE_STRICT_OBJC_MSGSEND = YES;
				ENABLE_TESTABILITY = YES;
				GCC_C_LANGUAGE_STANDARD = gnu11;
				GCC_DYNAMIC_NO_PIC = NO;
				GCC_NO_COMMON_BLOCKS = YES;
				GCC_OPTIMIZATION_LEVEL = 0;
				GCC_PREPROCESSOR_DEFINITIONS = (
					"DEBUG=1",
					"$(inherited)",
				);
				GCC_WARN_64_TO_32_BIT_CONVERSION = YES;
				GCC_WARN_ABOUT_RETURN_TYPE = YES_ERROR;
				GCC_WARN_UNDECLARED_SELECTOR = YES;
				GCC_WARN_UNINITIALIZED_AUTOS = YES_AGGRESSIVE;
				GCC_WARN_UNUSED_FUNCTION = YES;
				GCC_WARN_UNUSED_VARIABLE = YES;
				IPHONEOS_DEPLOYMENT_TARGET = 12.1;
				MTL_ENABLE_DEBUG_INFO = INCLUDE_SOURCE;
				MTL_FAST_MATH = YES;
				ONLY_ACTIVE_ARCH = YES;
				SDKROOT = iphoneos;
				SWIFT_ACTIVE_COMPILATION_CONDITIONS = DEBUG;
				SWIFT_OPTIMIZATION_LEVEL = "-Onone";
			};
			name = Debug;
		};
		D276CD8C21B85F7500EEB268 /* Release */ = {
			isa = XCBuildConfiguration;
			buildSettings = {
				ALWAYS_SEARCH_USER_PATHS = NO;
				CLANG_ANALYZER_NONNULL = YES;
				CLANG_ANALYZER_NUMBER_OBJECT_CONVERSION = YES_AGGRESSIVE;
				CLANG_CXX_LANGUAGE_STANDARD = "gnu++14";
				CLANG_CXX_LIBRARY = "libc++";
				CLANG_ENABLE_MODULES = YES;
				CLANG_ENABLE_OBJC_ARC = YES;
				CLANG_ENABLE_OBJC_WEAK = YES;
				CLANG_WARN_BLOCK_CAPTURE_AUTORELEASING = YES;
				CLANG_WARN_BOOL_CONVERSION = YES;
				CLANG_WARN_COMMA = YES;
				CLANG_WARN_CONSTANT_CONVERSION = YES;
				CLANG_WARN_DEPRECATED_OBJC_IMPLEMENTATIONS = YES;
				CLANG_WARN_DIRECT_OBJC_ISA_USAGE = YES_ERROR;
				CLANG_WARN_DOCUMENTATION_COMMENTS = YES;
				CLANG_WARN_EMPTY_BODY = YES;
				CLANG_WARN_ENUM_CONVERSION = YES;
				CLANG_WARN_INFINITE_RECURSION = YES;
				CLANG_WARN_INT_CONVERSION = YES;
				CLANG_WARN_NON_LITERAL_NULL_CONVERSION = YES;
				CLANG_WARN_OBJC_IMPLICIT_RETAIN_SELF = YES;
				CLANG_WARN_OBJC_LITERAL_CONVERSION = YES;
				CLANG_WARN_OBJC_ROOT_CLASS = YES_ERROR;
				CLANG_WARN_RANGE_LOOP_ANALYSIS = YES;
				CLANG_WARN_STRICT_PROTOTYPES = YES;
				CLANG_WARN_SUSPICIOUS_MOVE = YES;
				CLANG_WARN_UNGUARDED_AVAILABILITY = YES_AGGRESSIVE;
				CLANG_WARN_UNREACHABLE_CODE = YES;
				CLANG_WARN__DUPLICATE_METHOD_MATCH = YES;
				CODE_SIGN_IDENTITY = "iPhone Developer";
				COPY_PHASE_STRIP = NO;
				DEBUG_INFORMATION_FORMAT = "dwarf-with-dsym";
				ENABLE_NS_ASSERTIONS = NO;
				ENABLE_STRICT_OBJC_MSGSEND = YES;
				GCC_C_LANGUAGE_STANDARD = gnu11;
				GCC_NO_COMMON_BLOCKS = YES;
				GCC_WARN_64_TO_32_BIT_CONVERSION = YES;
				GCC_WARN_ABOUT_RETURN_TYPE = YES_ERROR;
				GCC_WARN_UNDECLARED_SELECTOR = YES;
				GCC_WARN_UNINITIALIZED_AUTOS = YES_AGGRESSIVE;
				GCC_WARN_UNUSED_FUNCTION = YES;
				GCC_WARN_UNUSED_VARIABLE = YES;
				IPHONEOS_DEPLOYMENT_TARGET = 12.1;
				MTL_ENABLE_DEBUG_INFO = NO;
				MTL_FAST_MATH = YES;
				SDKROOT = iphoneos;
				SWIFT_COMPILATION_MODE = wholemodule;
				SWIFT_OPTIMIZATION_LEVEL = "-O";
				VALIDATE_PRODUCT = YES;
			};
			name = Release;
		};
		D276CD8E21B85F7500EEB268 /* Debug */ = {
			isa = XCBuildConfiguration;
			baseConfigurationReference = 74DC157D22D499CABC0C989C /* Pods-Ipiranga.debug.xcconfig */;
			buildSettings = {
				ASSETCATALOG_COMPILER_APPICON_NAME = AppIcon;
				CLANG_ENABLE_MODULES = YES;
				CODE_SIGN_STYLE = Automatic;
				DEVELOPMENT_TEAM = 3CS7QV9TV4;
				INFOPLIST_FILE = Ipiranga/Info.plist;
				IPHONEOS_DEPLOYMENT_TARGET = 11.4;
				LD_RUNPATH_SEARCH_PATHS = (
					"$(inherited)",
					"@executable_path/Frameworks",
				);
				PRODUCT_BUNDLE_IDENTIFIER = br.com.totvs.Ipiranga;
				PRODUCT_NAME = "$(TARGET_NAME)";
				SWIFT_OBJC_BRIDGING_HEADER = "Ipiranga/Utils/Ipiranga-Bridging-Header.h";
				SWIFT_OPTIMIZATION_LEVEL = "-Onone";
				SWIFT_VERSION = 4.2;
				TARGETED_DEVICE_FAMILY = "1,2";
			};
			name = Debug;
		};
		D276CD8F21B85F7500EEB268 /* Release */ = {
			isa = XCBuildConfiguration;
			baseConfigurationReference = 7F45C214D20D4BEF372952D7 /* Pods-Ipiranga.release.xcconfig */;
			buildSettings = {
				ASSETCATALOG_COMPILER_APPICON_NAME = AppIcon;
				CLANG_ENABLE_MODULES = YES;
				CODE_SIGN_STYLE = Automatic;
				DEVELOPMENT_TEAM = 3CS7QV9TV4;
				INFOPLIST_FILE = Ipiranga/Info.plist;
				IPHONEOS_DEPLOYMENT_TARGET = 11.4;
				LD_RUNPATH_SEARCH_PATHS = (
					"$(inherited)",
					"@executable_path/Frameworks",
				);
				PRODUCT_BUNDLE_IDENTIFIER = br.com.totvs.Ipiranga;
				PRODUCT_NAME = "$(TARGET_NAME)";
				SWIFT_OBJC_BRIDGING_HEADER = "Ipiranga/Utils/Ipiranga-Bridging-Header.h";
				SWIFT_VERSION = 4.2;
				TARGETED_DEVICE_FAMILY = "1,2";
			};
			name = Release;
		};
		D276CD9121B85F7500EEB268 /* Debug */ = {
			isa = XCBuildConfiguration;
			baseConfigurationReference = 34416234C59E079D6185566A /* Pods-IpirangaTests.debug.xcconfig */;
			buildSettings = {
				ALWAYS_EMBED_SWIFT_STANDARD_LIBRARIES = YES;
				BUNDLE_LOADER = "$(TEST_HOST)";
				CODE_SIGN_STYLE = Automatic;
				DEVELOPMENT_TEAM = 3CS7QV9TV4;
				INFOPLIST_FILE = IpirangaTests/Info.plist;
				LD_RUNPATH_SEARCH_PATHS = (
					"$(inherited)",
					"@executable_path/Frameworks",
					"@loader_path/Frameworks",
				);
				PRODUCT_BUNDLE_IDENTIFIER = br.com.totvs.IpirangaTests;
				PRODUCT_NAME = "$(TARGET_NAME)";
				SWIFT_VERSION = 4.2;
				TARGETED_DEVICE_FAMILY = "1,2";
				TEST_HOST = "$(BUILT_PRODUCTS_DIR)/Ipiranga.app/Ipiranga";
			};
			name = Debug;
		};
		D276CD9221B85F7500EEB268 /* Release */ = {
			isa = XCBuildConfiguration;
			baseConfigurationReference = E0FC5B305A78740B0768C4DC /* Pods-IpirangaTests.release.xcconfig */;
			buildSettings = {
				ALWAYS_EMBED_SWIFT_STANDARD_LIBRARIES = YES;
				BUNDLE_LOADER = "$(TEST_HOST)";
				CODE_SIGN_STYLE = Automatic;
				DEVELOPMENT_TEAM = 3CS7QV9TV4;
				INFOPLIST_FILE = IpirangaTests/Info.plist;
				LD_RUNPATH_SEARCH_PATHS = (
					"$(inherited)",
					"@executable_path/Frameworks",
					"@loader_path/Frameworks",
				);
				PRODUCT_BUNDLE_IDENTIFIER = br.com.totvs.IpirangaTests;
				PRODUCT_NAME = "$(TARGET_NAME)";
				SWIFT_VERSION = 4.2;
				TARGETED_DEVICE_FAMILY = "1,2";
				TEST_HOST = "$(BUILT_PRODUCTS_DIR)/Ipiranga.app/Ipiranga";
			};
			name = Release;
		};
		D276CD9421B85F7500EEB268 /* Debug */ = {
			isa = XCBuildConfiguration;
			baseConfigurationReference = 7123E33ECAE39E84B4E646BE /* Pods-IpirangaUITests.debug.xcconfig */;
			buildSettings = {
				ALWAYS_EMBED_SWIFT_STANDARD_LIBRARIES = YES;
				CODE_SIGN_STYLE = Automatic;
				DEVELOPMENT_TEAM = 3CS7QV9TV4;
				INFOPLIST_FILE = IpirangaUITests/Info.plist;
				LD_RUNPATH_SEARCH_PATHS = (
					"$(inherited)",
					"@executable_path/Frameworks",
					"@loader_path/Frameworks",
				);
				PRODUCT_BUNDLE_IDENTIFIER = br.com.totvs.IpirangaUITests;
				PRODUCT_NAME = "$(TARGET_NAME)";
				SWIFT_VERSION = 4.2;
				TARGETED_DEVICE_FAMILY = "1,2";
				TEST_TARGET_NAME = Ipiranga;
			};
			name = Debug;
		};
		D276CD9521B85F7500EEB268 /* Release */ = {
			isa = XCBuildConfiguration;
			baseConfigurationReference = 0226282FB1FB59DF2992EC8E /* Pods-IpirangaUITests.release.xcconfig */;
			buildSettings = {
				ALWAYS_EMBED_SWIFT_STANDARD_LIBRARIES = YES;
				CODE_SIGN_STYLE = Automatic;
				DEVELOPMENT_TEAM = 3CS7QV9TV4;
				INFOPLIST_FILE = IpirangaUITests/Info.plist;
				LD_RUNPATH_SEARCH_PATHS = (
					"$(inherited)",
					"@executable_path/Frameworks",
					"@loader_path/Frameworks",
				);
				PRODUCT_BUNDLE_IDENTIFIER = br.com.totvs.IpirangaUITests;
				PRODUCT_NAME = "$(TARGET_NAME)";
				SWIFT_VERSION = 4.2;
				TARGETED_DEVICE_FAMILY = "1,2";
				TEST_TARGET_NAME = Ipiranga;
			};
			name = Release;
		};
/* End XCBuildConfiguration section */

/* Begin XCConfigurationList section */
		D276CD6021B85F7400EEB268 /* Build configuration list for PBXProject "Ipiranga" */ = {
			isa = XCConfigurationList;
			buildConfigurations = (
				D276CD8B21B85F7500EEB268 /* Debug */,
				D276CD8C21B85F7500EEB268 /* Release */,
			);
			defaultConfigurationIsVisible = 0;
			defaultConfigurationName = Release;
		};
		D276CD8D21B85F7500EEB268 /* Build configuration list for PBXNativeTarget "Ipiranga" */ = {
			isa = XCConfigurationList;
			buildConfigurations = (
				D276CD8E21B85F7500EEB268 /* Debug */,
				D276CD8F21B85F7500EEB268 /* Release */,
			);
			defaultConfigurationIsVisible = 0;
			defaultConfigurationName = Release;
		};
		D276CD9021B85F7500EEB268 /* Build configuration list for PBXNativeTarget "IpirangaTests" */ = {
			isa = XCConfigurationList;
			buildConfigurations = (
				D276CD9121B85F7500EEB268 /* Debug */,
				D276CD9221B85F7500EEB268 /* Release */,
			);
			defaultConfigurationIsVisible = 0;
			defaultConfigurationName = Release;
		};
		D276CD9321B85F7500EEB268 /* Build configuration list for PBXNativeTarget "IpirangaUITests" */ = {
			isa = XCConfigurationList;
			buildConfigurations = (
				D276CD9421B85F7500EEB268 /* Debug */,
				D276CD9521B85F7500EEB268 /* Release */,
			);
			defaultConfigurationIsVisible = 0;
			defaultConfigurationName = Release;
		};
/* End XCConfigurationList section */
	};
	rootObject = D276CD5D21B85F7400EEB268 /* Project object */;
}
